// !$*UTF8*$!
{
	archiveVersion = 1;
	classes = {
	};
	objectVersion = 56;
	objects = {

/* Begin PBXBuildFile section */
		87AE2BF02988AC9600B6B3B2 /* AppDelegate.swift in Sources */ = {isa = PBXBuildFile; fileRef = 87AE2BEF2988AC9600B6B3B2 /* AppDelegate.swift */; };
		87AE2BF22988AC9600B6B3B2 /* SceneDelegate.swift in Sources */ = {isa = PBXBuildFile; fileRef = 87AE2BF12988AC9600B6B3B2 /* SceneDelegate.swift */; };
		87AE2BF42988AC9600B6B3B2 /* ViewController.swift in Sources */ = {isa = PBXBuildFile; fileRef = 87AE2BF32988AC9600B6B3B2 /* ViewController.swift */; };
		87AE2BF72988AC9600B6B3B2 /* Main.storyboard in Resources */ = {isa = PBXBuildFile; fileRef = 87AE2BF52988AC9600B6B3B2 /* Main.storyboard */; };
		87AE2BF92988AC9600B6B3B2 /* Assets.xcassets in Resources */ = {isa = PBXBuildFile; fileRef = 87AE2BF82988AC9600B6B3B2 /* Assets.xcassets */; };
		87AE2BFC2988AC9600B6B3B2 /* LaunchScreen.storyboard in Resources */ = {isa = PBXBuildFile; fileRef = 87AE2BFA2988AC9600B6B3B2 /* LaunchScreen.storyboard */; };
		87AE2C252988B7C500B6B3B2 /* VoipService.swift in Sources */ = {isa = PBXBuildFile; fileRef = 87AE2C242988B7C500B6B3B2 /* VoipService.swift */; };
		87AE2C272988B80700B6B3B2 /* CallInfo.swift in Sources */ = {isa = PBXBuildFile; fileRef = 87AE2C262988B80700B6B3B2 /* CallInfo.swift */; };
		87AE2C2A2988B83A00B6B3B2 /* DataExtensions.swift in Sources */ = {isa = PBXBuildFile; fileRef = 87AE2C292988B83A00B6B3B2 /* DataExtensions.swift */; };
		87AE2C2C2988B84F00B6B3B2 /* CXProviderConfigurationExtensions.swift in Sources */ = {isa = PBXBuildFile; fileRef = 87AE2C2B2988B84F00B6B3B2 /* CXProviderConfigurationExtensions.swift */; };
		87AE2C2E2988B86E00B6B3B2 /* CXProviderExtensions.swift in Sources */ = {isa = PBXBuildFile; fileRef = 87AE2C2D2988B86E00B6B3B2 /* CXProviderExtensions.swift */; };
		87AE2C302988B88B00B6B3B2 /* UIApplicationExtensions.swift in Sources */ = {isa = PBXBuildFile; fileRef = 87AE2C2F2988B88B00B6B3B2 /* UIApplicationExtensions.swift */; };
		87AE2C322988B8A300B6B3B2 /* CallViewController.swift in Sources */ = {isa = PBXBuildFile; fileRef = 87AE2C312988B8A300B6B3B2 /* CallViewController.swift */; };
		87AE2C342988B8CC00B6B3B2 /* UIViewControllerExtensions.swift in Sources */ = {isa = PBXBuildFile; fileRef = 87AE2C332988B8CC00B6B3B2 /* UIViewControllerExtensions.swift */; };
		87AE2C362988B90F00B6B3B2 /* VoipService+PKPushRegistryDelegate.swift in Sources */ = {isa = PBXBuildFile; fileRef = 87AE2C352988B90F00B6B3B2 /* VoipService+PKPushRegistryDelegate.swift */; };
		87AE2C3A2988B96400B6B3B2 /* AppInfo.swift in Sources */ = {isa = PBXBuildFile; fileRef = 87AE2C392988B96400B6B3B2 /* AppInfo.swift */; };
		87AE2C3C2988B99200B6B3B2 /* VoipService+CXProviderDelegate.swift in Sources */ = {isa = PBXBuildFile; fileRef = 87AE2C3B2988B99200B6B3B2 /* VoipService+CXProviderDelegate.swift */; };
		87AE2C422988D1F800B6B3B2 /* AVFAudio.framework in Frameworks */ = {isa = PBXBuildFile; fileRef = 87AE2C402988BA6A00B6B3B2 /* AVFAudio.framework */; };
		87AE2C442988D3EE00B6B3B2 /* NSUserActivityExtension.swift in Sources */ = {isa = PBXBuildFile; fileRef = 87AE2C432988D3EE00B6B3B2 /* NSUserActivityExtension.swift */; };
		87AE2C4B2988D43D00B6B3B2 /* Intents.framework in Frameworks */ = {isa = PBXBuildFile; fileRef = 87AE2C4A2988D43D00B6B3B2 /* Intents.framework */; };
		87AE2C4E2988D43D00B6B3B2 /* IntentHandler.swift in Sources */ = {isa = PBXBuildFile; fileRef = 87AE2C4D2988D43D00B6B3B2 /* IntentHandler.swift */; };
		87AE2C522988D43D00B6B3B2 /* CallIntent.appex in Embed Foundation Extensions */ = {isa = PBXBuildFile; fileRef = 87AE2C492988D43D00B6B3B2 /* CallIntent.appex */; settings = {ATTRIBUTES = (RemoveHeadersOnCopy, ); }; };
/* End PBXBuildFile section */

/* Begin PBXContainerItemProxy section */
		87AE2C502988D43D00B6B3B2 /* PBXContainerItemProxy */ = {
			isa = PBXContainerItemProxy;
			containerPortal = 87AE2BE42988AC9600B6B3B2 /* Project object */;
			proxyType = 1;
			remoteGlobalIDString = 87AE2C482988D43D00B6B3B2;
			remoteInfo = CallIntent;
		};
/* End PBXContainerItemProxy section */

/* Begin PBXCopyFilesBuildPhase section */
		87AE2C562988D43D00B6B3B2 /* Embed Foundation Extensions */ = {
			isa = PBXCopyFilesBuildPhase;
			buildActionMask = 2147483647;
			dstPath = "";
			dstSubfolderSpec = 13;
			files = (
				87AE2C522988D43D00B6B3B2 /* CallIntent.appex in Embed Foundation Extensions */,
			);
			name = "Embed Foundation Extensions";
			runOnlyForDeploymentPostprocessing = 0;
		};
/* End PBXCopyFilesBuildPhase section */

/* Begin PBXFileReference section */
		87AE2BEC2988AC9600B6B3B2 /* voipSample.app */ = {isa = PBXFileReference; explicitFileType = wrapper.application; includeInIndex = 0; path = voipSample.app; sourceTree = BUILT_PRODUCTS_DIR; };
		87AE2BEF2988AC9600B6B3B2 /* AppDelegate.swift */ = {isa = PBXFileReference; lastKnownFileType = sourcecode.swift; path = AppDelegate.swift; sourceTree = "<group>"; };
		87AE2BF12988AC9600B6B3B2 /* SceneDelegate.swift */ = {isa = PBXFileReference; lastKnownFileType = sourcecode.swift; path = SceneDelegate.swift; sourceTree = "<group>"; };
		87AE2BF32988AC9600B6B3B2 /* ViewController.swift */ = {isa = PBXFileReference; lastKnownFileType = sourcecode.swift; path = ViewController.swift; sourceTree = "<group>"; };
		87AE2BF62988AC9600B6B3B2 /* Base */ = {isa = PBXFileReference; lastKnownFileType = file.storyboard; name = Base; path = Base.lproj/Main.storyboard; sourceTree = "<group>"; };
		87AE2BF82988AC9600B6B3B2 /* Assets.xcassets */ = {isa = PBXFileReference; lastKnownFileType = folder.assetcatalog; path = Assets.xcassets; sourceTree = "<group>"; };
		87AE2BFB2988AC9600B6B3B2 /* Base */ = {isa = PBXFileReference; lastKnownFileType = file.storyboard; name = Base; path = Base.lproj/LaunchScreen.storyboard; sourceTree = "<group>"; };
		87AE2BFD2988AC9600B6B3B2 /* Info.plist */ = {isa = PBXFileReference; lastKnownFileType = text.plist.xml; path = Info.plist; sourceTree = "<group>"; };
		87AE2C242988B7C500B6B3B2 /* VoipService.swift */ = {isa = PBXFileReference; lastKnownFileType = sourcecode.swift; path = VoipService.swift; sourceTree = "<group>"; };
		87AE2C262988B80700B6B3B2 /* CallInfo.swift */ = {isa = PBXFileReference; lastKnownFileType = sourcecode.swift; path = CallInfo.swift; sourceTree = "<group>"; };
		87AE2C292988B83A00B6B3B2 /* DataExtensions.swift */ = {isa = PBXFileReference; lastKnownFileType = sourcecode.swift; path = DataExtensions.swift; sourceTree = "<group>"; };
		87AE2C2B2988B84F00B6B3B2 /* CXProviderConfigurationExtensions.swift */ = {isa = PBXFileReference; lastKnownFileType = sourcecode.swift; path = CXProviderConfigurationExtensions.swift; sourceTree = "<group>"; };
		87AE2C2D2988B86E00B6B3B2 /* CXProviderExtensions.swift */ = {isa = PBXFileReference; lastKnownFileType = sourcecode.swift; path = CXProviderExtensions.swift; sourceTree = "<group>"; };
		87AE2C2F2988B88B00B6B3B2 /* UIApplicationExtensions.swift */ = {isa = PBXFileReference; lastKnownFileType = sourcecode.swift; path = UIApplicationExtensions.swift; sourceTree = "<group>"; };
		87AE2C312988B8A300B6B3B2 /* CallViewController.swift */ = {isa = PBXFileReference; lastKnownFileType = sourcecode.swift; path = CallViewController.swift; sourceTree = "<group>"; };
		87AE2C332988B8CC00B6B3B2 /* UIViewControllerExtensions.swift */ = {isa = PBXFileReference; lastKnownFileType = sourcecode.swift; path = UIViewControllerExtensions.swift; sourceTree = "<group>"; };
		87AE2C352988B90F00B6B3B2 /* VoipService+PKPushRegistryDelegate.swift */ = {isa = PBXFileReference; lastKnownFileType = sourcecode.swift; path = "VoipService+PKPushRegistryDelegate.swift"; sourceTree = "<group>"; };
		87AE2C392988B96400B6B3B2 /* AppInfo.swift */ = {isa = PBXFileReference; lastKnownFileType = sourcecode.swift; path = AppInfo.swift; sourceTree = "<group>"; };
		87AE2C3B2988B99200B6B3B2 /* VoipService+CXProviderDelegate.swift */ = {isa = PBXFileReference; lastKnownFileType = sourcecode.swift; path = "VoipService+CXProviderDelegate.swift"; sourceTree = "<group>"; };
		87AE2C3E2988BA6000B6B3B2 /* AVKit.framework */ = {isa = PBXFileReference; lastKnownFileType = wrapper.framework; name = AVKit.framework; path = System/Library/Frameworks/AVKit.framework; sourceTree = SDKROOT; };
		87AE2C402988BA6A00B6B3B2 /* AVFAudio.framework */ = {isa = PBXFileReference; lastKnownFileType = wrapper.framework; name = AVFAudio.framework; path = System/Library/Frameworks/AVFAudio.framework; sourceTree = SDKROOT; };
		87AE2C432988D3EE00B6B3B2 /* NSUserActivityExtension.swift */ = {isa = PBXFileReference; lastKnownFileType = sourcecode.swift; path = NSUserActivityExtension.swift; sourceTree = "<group>"; };
		87AE2C492988D43D00B6B3B2 /* CallIntent.appex */ = {isa = PBXFileReference; explicitFileType = "wrapper.app-extension"; includeInIndex = 0; path = CallIntent.appex; sourceTree = BUILT_PRODUCTS_DIR; };
		87AE2C4A2988D43D00B6B3B2 /* Intents.framework */ = {isa = PBXFileReference; lastKnownFileType = wrapper.framework; name = Intents.framework; path = System/Library/Frameworks/Intents.framework; sourceTree = SDKROOT; };
		87AE2C4D2988D43D00B6B3B2 /* IntentHandler.swift */ = {isa = PBXFileReference; lastKnownFileType = sourcecode.swift; path = IntentHandler.swift; sourceTree = "<group>"; };
		87AE2C4F2988D43D00B6B3B2 /* Info.plist */ = {isa = PBXFileReference; lastKnownFileType = text.plist.xml; path = Info.plist; sourceTree = "<group>"; };
		87AE2C572988D5F900B6B3B2 /* README.md */ = {isa = PBXFileReference; lastKnownFileType = net.daringfireball.markdown; path = README.md; sourceTree = "<group>"; };
/* End PBXFileReference section */

/* Begin PBXFrameworksBuildPhase section */
		87AE2BE92988AC9600B6B3B2 /* Frameworks */ = {
			isa = PBXFrameworksBuildPhase;
			buildActionMask = 2147483647;
			files = (
				87AE2C422988D1F800B6B3B2 /* AVFAudio.framework in Frameworks */,
			);
			runOnlyForDeploymentPostprocessing = 0;
		};
		87AE2C462988D43D00B6B3B2 /* Frameworks */ = {
			isa = PBXFrameworksBuildPhase;
			buildActionMask = 2147483647;
			files = (
				87AE2C4B2988D43D00B6B3B2 /* Intents.framework in Frameworks */,
			);
			runOnlyForDeploymentPostprocessing = 0;
		};
/* End PBXFrameworksBuildPhase section */

/* Begin PBXGroup section */
		87AE2BE32988AC9600B6B3B2 = {
			isa = PBXGroup;
			children = (
				87AE2BEE2988AC9600B6B3B2 /* voipSample */,
				87AE2C4C2988D43D00B6B3B2 /* CallIntent */,
				87AE2BED2988AC9600B6B3B2 /* Products */,
				87AE2C3D2988BA5F00B6B3B2 /* Frameworks */,
			);
			sourceTree = "<group>";
		};
		87AE2BED2988AC9600B6B3B2 /* Products */ = {
			isa = PBXGroup;
			children = (
				87AE2BEC2988AC9600B6B3B2 /* voipSample.app */,
				87AE2C492988D43D00B6B3B2 /* CallIntent.appex */,
			);
			name = Products;
			sourceTree = "<group>";
		};
		87AE2BEE2988AC9600B6B3B2 /* voipSample */ = {
			isa = PBXGroup;
			children = (
				87AE2C382988B95B00B6B3B2 /* AppInfo */,
				87AE2C202988B7A400B6B3B2 /* Voip */,
				87AE2BEF2988AC9600B6B3B2 /* AppDelegate.swift */,
				87AE2BF12988AC9600B6B3B2 /* SceneDelegate.swift */,
				87AE2BF32988AC9600B6B3B2 /* ViewController.swift */,
				87AE2BF52988AC9600B6B3B2 /* Main.storyboard */,
				87AE2BF82988AC9600B6B3B2 /* Assets.xcassets */,
				87AE2BFA2988AC9600B6B3B2 /* LaunchScreen.storyboard */,
				87AE2BFD2988AC9600B6B3B2 /* Info.plist */,
			);
			path = voipSample;
			sourceTree = "<group>";
		};
		87AE2C202988B7A400B6B3B2 /* Voip */ = {
			isa = PBXGroup;
			children = (
				87AE2C282988B82A00B6B3B2 /* Extensions */,
				87AE2C232988B7B800B6B3B2 /* Utilities */,
				87AE2C222988B7B200B6B3B2 /* Controller */,
				87AE2C212988B7AE00B6B3B2 /* Model */,
				87AE2C572988D5F900B6B3B2 /* README.md */,
			);
			path = Voip;
			sourceTree = "<group>";
		};
		87AE2C212988B7AE00B6B3B2 /* Model */ = {
			isa = PBXGroup;
			children = (
				87AE2C262988B80700B6B3B2 /* CallInfo.swift */,
			);
			path = Model;
			sourceTree = "<group>";
		};
		87AE2C222988B7B200B6B3B2 /* Controller */ = {
			isa = PBXGroup;
			children = (
				87AE2C312988B8A300B6B3B2 /* CallViewController.swift */,
			);
			path = Controller;
			sourceTree = "<group>";
		};
		87AE2C232988B7B800B6B3B2 /* Utilities */ = {
			isa = PBXGroup;
			children = (
				87AE2C242988B7C500B6B3B2 /* VoipService.swift */,
				87AE2C352988B90F00B6B3B2 /* VoipService+PKPushRegistryDelegate.swift */,
				87AE2C3B2988B99200B6B3B2 /* VoipService+CXProviderDelegate.swift */,
			);
			path = Utilities;
			sourceTree = "<group>";
		};
		87AE2C282988B82A00B6B3B2 /* Extensions */ = {
			isa = PBXGroup;
			children = (
				87AE2C292988B83A00B6B3B2 /* DataExtensions.swift */,
				87AE2C2B2988B84F00B6B3B2 /* CXProviderConfigurationExtensions.swift */,
				87AE2C2D2988B86E00B6B3B2 /* CXProviderExtensions.swift */,
				87AE2C2F2988B88B00B6B3B2 /* UIApplicationExtensions.swift */,
				87AE2C332988B8CC00B6B3B2 /* UIViewControllerExtensions.swift */,
				87AE2C432988D3EE00B6B3B2 /* NSUserActivityExtension.swift */,
			);
			path = Extensions;
			sourceTree = "<group>";
		};
		87AE2C382988B95B00B6B3B2 /* AppInfo */ = {
			isa = PBXGroup;
			children = (
				87AE2C392988B96400B6B3B2 /* AppInfo.swift */,
			);
			path = AppInfo;
			sourceTree = "<group>";
		};
		87AE2C3D2988BA5F00B6B3B2 /* Frameworks */ = {
			isa = PBXGroup;
			children = (
				87AE2C402988BA6A00B6B3B2 /* AVFAudio.framework */,
				87AE2C3E2988BA6000B6B3B2 /* AVKit.framework */,
				87AE2C4A2988D43D00B6B3B2 /* Intents.framework */,
			);
			name = Frameworks;
			sourceTree = "<group>";
		};
		87AE2C4C2988D43D00B6B3B2 /* CallIntent */ = {
			isa = PBXGroup;
			children = (
				87AE2C4D2988D43D00B6B3B2 /* IntentHandler.swift */,
				87AE2C4F2988D43D00B6B3B2 /* Info.plist */,
			);
			path = CallIntent;
			sourceTree = "<group>";
		};
/* End PBXGroup section */

/* Begin PBXNativeTarget section */
		87AE2BEB2988AC9600B6B3B2 /* voipSample */ = {
			isa = PBXNativeTarget;
			buildConfigurationList = 87AE2C002988AC9600B6B3B2 /* Build configuration list for PBXNativeTarget "voipSample" */;
			buildPhases = (
				87AE2BE82988AC9600B6B3B2 /* Sources */,
				87AE2BE92988AC9600B6B3B2 /* Frameworks */,
				87AE2BEA2988AC9600B6B3B2 /* Resources */,
				87AE2C562988D43D00B6B3B2 /* Embed Foundation Extensions */,
			);
			buildRules = (
			);
			dependencies = (
				87AE2C512988D43D00B6B3B2 /* PBXTargetDependency */,
			);
			name = voipSample;
			productName = voipSample;
			productReference = 87AE2BEC2988AC9600B6B3B2 /* voipSample.app */;
			productType = "com.apple.product-type.application";
		};
		87AE2C482988D43D00B6B3B2 /* CallIntent */ = {
			isa = PBXNativeTarget;
			buildConfigurationList = 87AE2C532988D43D00B6B3B2 /* Build configuration list for PBXNativeTarget "CallIntent" */;
			buildPhases = (
				87AE2C452988D43D00B6B3B2 /* Sources */,
				87AE2C462988D43D00B6B3B2 /* Frameworks */,
				87AE2C472988D43D00B6B3B2 /* Resources */,
			);
			buildRules = (
			);
			dependencies = (
			);
			name = CallIntent;
			productName = CallIntent;
			productReference = 87AE2C492988D43D00B6B3B2 /* CallIntent.appex */;
			productType = "com.apple.product-type.app-extension";
		};
/* End PBXNativeTarget section */

/* Begin PBXProject section */
		87AE2BE42988AC9600B6B3B2 /* Project object */ = {
			isa = PBXProject;
			attributes = {
				BuildIndependentTargetsInParallel = 1;
				LastSwiftUpdateCheck = 1420;
				LastUpgradeCheck = 1420;
				TargetAttributes = {
					87AE2BEB2988AC9600B6B3B2 = {
						CreatedOnToolsVersion = 14.2;
					};
					87AE2C482988D43D00B6B3B2 = {
						CreatedOnToolsVersion = 14.2;
					};
				};
			};
			buildConfigurationList = 87AE2BE72988AC9600B6B3B2 /* Build configuration list for PBXProject "voipSample" */;
			compatibilityVersion = "Xcode 14.0";
			developmentRegion = en;
			hasScannedForEncodings = 0;
			knownRegions = (
				en,
				Base,
			);
			mainGroup = 87AE2BE32988AC9600B6B3B2;
			productRefGroup = 87AE2BED2988AC9600B6B3B2 /* Products */;
			projectDirPath = "";
			projectRoot = "";
			targets = (
				87AE2BEB2988AC9600B6B3B2 /* voipSample */,
				87AE2C482988D43D00B6B3B2 /* CallIntent */,
			);
		};
/* End PBXProject section */

/* Begin PBXResourcesBuildPhase section */
		87AE2BEA2988AC9600B6B3B2 /* Resources */ = {
			isa = PBXResourcesBuildPhase;
			buildActionMask = 2147483647;
			files = (
				87AE2BFC2988AC9600B6B3B2 /* LaunchScreen.storyboard in Resources */,
				87AE2BF92988AC9600B6B3B2 /* Assets.xcassets in Resources */,
				87AE2BF72988AC9600B6B3B2 /* Main.storyboard in Resources */,
			);
			runOnlyForDeploymentPostprocessing = 0;
		};
		87AE2C472988D43D00B6B3B2 /* Resources */ = {
			isa = PBXResourcesBuildPhase;
			buildActionMask = 2147483647;
			files = (
			);
			runOnlyForDeploymentPostprocessing = 0;
		};
/* End PBXResourcesBuildPhase section */

/* Begin PBXSourcesBuildPhase section */
		87AE2BE82988AC9600B6B3B2 /* Sources */ = {
			isa = PBXSourcesBuildPhase;
			buildActionMask = 2147483647;
			files = (
				87AE2C302988B88B00B6B3B2 /* UIApplicationExtensions.swift in Sources */,
				87AE2C442988D3EE00B6B3B2 /* NSUserActivityExtension.swift in Sources */,
				87AE2C342988B8CC00B6B3B2 /* UIViewControllerExtensions.swift in Sources */,
				87AE2C272988B80700B6B3B2 /* CallInfo.swift in Sources */,
				87AE2BF42988AC9600B6B3B2 /* ViewController.swift in Sources */,
				87AE2BF02988AC9600B6B3B2 /* AppDelegate.swift in Sources */,
				87AE2C2E2988B86E00B6B3B2 /* CXProviderExtensions.swift in Sources */,
				87AE2BF22988AC9600B6B3B2 /* SceneDelegate.swift in Sources */,
				87AE2C2C2988B84F00B6B3B2 /* CXProviderConfigurationExtensions.swift in Sources */,
				87AE2C362988B90F00B6B3B2 /* VoipService+PKPushRegistryDelegate.swift in Sources */,
				87AE2C252988B7C500B6B3B2 /* VoipService.swift in Sources */,
				87AE2C322988B8A300B6B3B2 /* CallViewController.swift in Sources */,
				87AE2C3A2988B96400B6B3B2 /* AppInfo.swift in Sources */,
				87AE2C3C2988B99200B6B3B2 /* VoipService+CXProviderDelegate.swift in Sources */,
				87AE2C2A2988B83A00B6B3B2 /* DataExtensions.swift in Sources */,
			);
			runOnlyForDeploymentPostprocessing = 0;
		};
		87AE2C452988D43D00B6B3B2 /* Sources */ = {
			isa = PBXSourcesBuildPhase;
			buildActionMask = 2147483647;
			files = (
				87AE2C4E2988D43D00B6B3B2 /* IntentHandler.swift in Sources */,
			);
			runOnlyForDeploymentPostprocessing = 0;
		};
/* End PBXSourcesBuildPhase section */

/* Begin PBXTargetDependency section */
		87AE2C512988D43D00B6B3B2 /* PBXTargetDependency */ = {
			isa = PBXTargetDependency;
			target = 87AE2C482988D43D00B6B3B2 /* CallIntent */;
			targetProxy = 87AE2C502988D43D00B6B3B2 /* PBXContainerItemProxy */;
		};
/* End PBXTargetDependency section */

/* Begin PBXVariantGroup section */
		87AE2BF52988AC9600B6B3B2 /* Main.storyboard */ = {
			isa = PBXVariantGroup;
			children = (
				87AE2BF62988AC9600B6B3B2 /* Base */,
			);
			name = Main.storyboard;
			sourceTree = "<group>";
		};
		87AE2BFA2988AC9600B6B3B2 /* LaunchScreen.storyboard */ = {
			isa = PBXVariantGroup;
			children = (
				87AE2BFB2988AC9600B6B3B2 /* Base */,
			);
			name = LaunchScreen.storyboard;
			sourceTree = "<group>";
		};
/* End PBXVariantGroup section */

/* Begin XCBuildConfiguration section */
		87AE2BFE2988AC9600B6B3B2 /* Debug */ = {
			isa = XCBuildConfiguration;
			buildSettings = {
				ALWAYS_SEARCH_USER_PATHS = NO;
				CLANG_ANALYZER_NONNULL = YES;
				CLANG_ANALYZER_NUMBER_OBJECT_CONVERSION = YES_AGGRESSIVE;
				CLANG_CXX_LANGUAGE_STANDARD = "gnu++20";
				CLANG_ENABLE_MODULES = YES;
				CLANG_ENABLE_OBJC_ARC = YES;
				CLANG_ENABLE_OBJC_WEAK = YES;
				CLANG_WARN_BLOCK_CAPTURE_AUTORELEASING = YES;
				CLANG_WARN_BOOL_CONVERSION = YES;
				CLANG_WARN_COMMA = YES;
				CLANG_WARN_CONSTANT_CONVERSION = YES;
				CLANG_WARN_DEPRECATED_OBJC_IMPLEMENTATIONS = YES;
				CLANG_WARN_DIRECT_OBJC_ISA_USAGE = YES_ERROR;
				CLANG_WARN_DOCUMENTATION_COMMENTS = YES;
				CLANG_WARN_EMPTY_BODY = YES;
				CLANG_WARN_ENUM_CONVERSION = YES;
				CLANG_WARN_INFINITE_RECURSION = YES;
				CLANG_WARN_INT_CONVERSION = YES;
				CLANG_WARN_NON_LITERAL_NULL_CONVERSION = YES;
				CLANG_WARN_OBJC_IMPLICIT_RETAIN_SELF = YES;
				CLANG_WARN_OBJC_LITERAL_CONVERSION = YES;
				CLANG_WARN_OBJC_ROOT_CLASS = YES_ERROR;
				CLANG_WARN_QUOTED_INCLUDE_IN_FRAMEWORK_HEADER = YES;
				CLANG_WARN_RANGE_LOOP_ANALYSIS = YES;
				CLANG_WARN_STRICT_PROTOTYPES = YES;
				CLANG_WARN_SUSPICIOUS_MOVE = YES;
				CLANG_WARN_UNGUARDED_AVAILABILITY = YES_AGGRESSIVE;
				CLANG_WARN_UNREACHABLE_CODE = YES;
				CLANG_WARN__DUPLICATE_METHOD_MATCH = YES;
				COPY_PHASE_STRIP = NO;
				DEBUG_INFORMATION_FORMAT = dwarf;
				ENABLE_STRICT_OBJC_MSGSEND = YES;
				ENABLE_TESTABILITY = YES;
				GCC_C_LANGUAGE_STANDARD = gnu11;
				GCC_DYNAMIC_NO_PIC = NO;
				GCC_NO_COMMON_BLOCKS = YES;
				GCC_OPTIMIZATION_LEVEL = 0;
				GCC_PREPROCESSOR_DEFINITIONS = (
					"DEBUG=1",
					"$(inherited)",
				);
				GCC_WARN_64_TO_32_BIT_CONVERSION = YES;
				GCC_WARN_ABOUT_RETURN_TYPE = YES_ERROR;
				GCC_WARN_UNDECLARED_SELECTOR = YES;
				GCC_WARN_UNINITIALIZED_AUTOS = YES_AGGRESSIVE;
				GCC_WARN_UNUSED_FUNCTION = YES;
				GCC_WARN_UNUSED_VARIABLE = YES;
				IPHONEOS_DEPLOYMENT_TARGET = 14.0;
				MTL_ENABLE_DEBUG_INFO = INCLUDE_SOURCE;
				MTL_FAST_MATH = YES;
				ONLY_ACTIVE_ARCH = YES;
				SDKROOT = iphoneos;
				SWIFT_ACTIVE_COMPILATION_CONDITIONS = DEBUG;
				SWIFT_OPTIMIZATION_LEVEL = "-Onone";
			};
			name = Debug;
		};
		87AE2BFF2988AC9600B6B3B2 /* Release */ = {
			isa = XCBuildConfiguration;
			buildSettings = {
				ALWAYS_SEARCH_USER_PATHS = NO;
				CLANG_ANALYZER_NONNULL = YES;
				CLANG_ANALYZER_NUMBER_OBJECT_CONVERSION = YES_AGGRESSIVE;
				CLANG_CXX_LANGUAGE_STANDARD = "gnu++20";
				CLANG_ENABLE_MODULES = YES;
				CLANG_ENABLE_OBJC_ARC = YES;
				CLANG_ENABLE_OBJC_WEAK = YES;
				CLANG_WARN_BLOCK_CAPTURE_AUTORELEASING = YES;
				CLANG_WARN_BOOL_CONVERSION = YES;
				CLANG_WARN_COMMA = YES;
				CLANG_WARN_CONSTANT_CONVERSION = YES;
				CLANG_WARN_DEPRECATED_OBJC_IMPLEMENTATIONS = YES;
				CLANG_WARN_DIRECT_OBJC_ISA_USAGE = YES_ERROR;
				CLANG_WARN_DOCUMENTATION_COMMENTS = YES;
				CLANG_WARN_EMPTY_BODY = YES;
				CLANG_WARN_ENUM_CONVERSION = YES;
				CLANG_WARN_INFINITE_RECURSION = YES;
				CLANG_WARN_INT_CONVERSION = YES;
				CLANG_WARN_NON_LITERAL_NULL_CONVERSION = YES;
				CLANG_WARN_OBJC_IMPLICIT_RETAIN_SELF = YES;
				CLANG_WARN_OBJC_LITERAL_CONVERSION = YES;
				CLANG_WARN_OBJC_ROOT_CLASS = YES_ERROR;
				CLANG_WARN_QUOTED_INCLUDE_IN_FRAMEWORK_HEADER = YES;
				CLANG_WARN_RANGE_LOOP_ANALYSIS = YES;
				CLANG_WARN_STRICT_PROTOTYPES = YES;
				CLANG_WARN_SUSPICIOUS_MOVE = YES;
				CLANG_WARN_UNGUARDED_AVAILABILITY = YES_AGGRESSIVE;
				CLANG_WARN_UNREACHABLE_CODE = YES;
				CLANG_WARN__DUPLICATE_METHOD_MATCH = YES;
				COPY_PHASE_STRIP = NO;
				DEBUG_INFORMATION_FORMAT = "dwarf-with-dsym";
				ENABLE_NS_ASSERTIONS = NO;
				ENABLE_STRICT_OBJC_MSGSEND = YES;
				GCC_C_LANGUAGE_STANDARD = gnu11;
				GCC_NO_COMMON_BLOCKS = YES;
				GCC_WARN_64_TO_32_BIT_CONVERSION = YES;
				GCC_WARN_ABOUT_RETURN_TYPE = YES_ERROR;
				GCC_WARN_UNDECLARED_SELECTOR = YES;
				GCC_WARN_UNINITIALIZED_AUTOS = YES_AGGRESSIVE;
				GCC_WARN_UNUSED_FUNCTION = YES;
				GCC_WARN_UNUSED_VARIABLE = YES;
				IPHONEOS_DEPLOYMENT_TARGET = 14.0;
				MTL_ENABLE_DEBUG_INFO = NO;
				MTL_FAST_MATH = YES;
				SDKROOT = iphoneos;
				SWIFT_COMPILATION_MODE = wholemodule;
				SWIFT_OPTIMIZATION_LEVEL = "-O";
				VALIDATE_PRODUCT = YES;
			};
			name = Release;
		};
		87AE2C012988AC9600B6B3B2 /* Debug */ = {
			isa = XCBuildConfiguration;
			buildSettings = {
				ALWAYS_EMBED_SWIFT_STANDARD_LIBRARIES = NO;
				ARCHS = "$(ARCHS_STANDARD)";
				ASSETCATALOG_COMPILER_APPICON_NAME = AppIcon;
				ASSETCATALOG_COMPILER_GLOBAL_ACCENT_COLOR_NAME = AccentColor;
				CODE_SIGN_STYLE = Automatic;
				CURRENT_PROJECT_VERSION = 1;
				DEVELOPMENT_TEAM = 9BCFJ2MUMK;
				GENERATE_INFOPLIST_FILE = YES;
				INFOPLIST_FILE = voipSample/Info.plist;
				INFOPLIST_KEY_CFBundleDisplayName = "VOIP테스트";
				INFOPLIST_KEY_UIApplicationSupportsIndirectInputEvents = YES;
				INFOPLIST_KEY_UILaunchStoryboardName = LaunchScreen;
				INFOPLIST_KEY_UIMainStoryboardFile = Main;
				INFOPLIST_KEY_UIRequiresFullScreen = YES;
				INFOPLIST_KEY_UISupportedInterfaceOrientations = UIInterfaceOrientationPortrait;
				IPHONEOS_DEPLOYMENT_TARGET = 14.0;
				LD_RUNPATH_SEARCH_PATHS = (
					"$(inherited)",
					"@executable_path/Frameworks",
				);
				MARKETING_VERSION = 1.0;
				PRODUCT_BUNDLE_IDENTIFIER = jw.nam.voipSample;
				PRODUCT_NAME = "$(TARGET_NAME)";
				SWIFT_EMIT_LOC_STRINGS = YES;
				SWIFT_VERSION = 5.0;
				TARGETED_DEVICE_FAMILY = "1,2";
			};
			name = Debug;
		};
		87AE2C022988AC9600B6B3B2 /* Release */ = {
			isa = XCBuildConfiguration;
			buildSettings = {
				ALWAYS_EMBED_SWIFT_STANDARD_LIBRARIES = NO;
				ARCHS = "$(ARCHS_STANDARD)";
				ASSETCATALOG_COMPILER_APPICON_NAME = AppIcon;
				ASSETCATALOG_COMPILER_GLOBAL_ACCENT_COLOR_NAME = AccentColor;
				CODE_SIGN_STYLE = Automatic;
				CURRENT_PROJECT_VERSION = 1;
				DEVELOPMENT_TEAM = 9BCFJ2MUMK;
				GENERATE_INFOPLIST_FILE = YES;
				INFOPLIST_FILE = voipSample/Info.plist;
				INFOPLIST_KEY_CFBundleDisplayName = "VOIP테스트";
				INFOPLIST_KEY_UIApplicationSupportsIndirectInputEvents = YES;
				INFOPLIST_KEY_UILaunchStoryboardName = LaunchScreen;
				INFOPLIST_KEY_UIMainStoryboardFile = Main;
				INFOPLIST_KEY_UIRequiresFullScreen = YES;
				INFOPLIST_KEY_UISupportedInterfaceOrientations = UIInterfaceOrientationPortrait;
				IPHONEOS_DEPLOYMENT_TARGET = 14.0;
				LD_RUNPATH_SEARCH_PATHS = (
					"$(inherited)",
					"@executable_path/Frameworks",
				);
				MARKETING_VERSION = 1.0;
				PRODUCT_BUNDLE_IDENTIFIER = jw.nam.voipSample;
				PRODUCT_NAME = "$(TARGET_NAME)";
				SWIFT_EMIT_LOC_STRINGS = YES;
				SWIFT_VERSION = 5.0;
				TARGETED_DEVICE_FAMILY = "1,2";
			};
			name = Release;
		};
		87AE2C542988D43D00B6B3B2 /* Debug */ = {
			isa = XCBuildConfiguration;
			buildSettings = {
				CODE_SIGN_STYLE = Automatic;
				CURRENT_PROJECT_VERSION = 1;
				DEVELOPMENT_TEAM = 9BCFJ2MUMK;
				GENERATE_INFOPLIST_FILE = YES;
				INFOPLIST_FILE = CallIntent/Info.plist;
				INFOPLIST_KEY_CFBundleDisplayName = CallIntent;
				INFOPLIST_KEY_NSHumanReadableCopyright = "";
				IPHONEOS_DEPLOYMENT_TARGET = 16.2;
				LD_RUNPATH_SEARCH_PATHS = (
					"$(inherited)",
					"@executable_path/Frameworks",
					"@executable_path/../../Frameworks",
				);
				MARKETING_VERSION = 1.0;
				PRODUCT_BUNDLE_IDENTIFIER = jw.nam.voipSample.CallIntent;
				PRODUCT_NAME = "$(TARGET_NAME)";
				SKIP_INSTALL = YES;
				SWIFT_EMIT_LOC_STRINGS = YES;
				SWIFT_VERSION = 5.0;
				TARGETED_DEVICE_FAMILY = "1,2";
			};
			name = Debug;
		};
		87AE2C552988D43D00B6B3B2 /* Release */ = {
			isa = XCBuildConfiguration;
			buildSettings = {
				CODE_SIGN_STYLE = Automatic;
				CURRENT_PROJECT_VERSION = 1;
				DEVELOPMENT_TEAM = 9BCFJ2MUMK;
				GENERATE_INFOPLIST_FILE = YES;
				INFOPLIST_FILE = CallIntent/Info.plist;
				INFOPLIST_KEY_CFBundleDisplayName = CallIntent;
				INFOPLIST_KEY_NSHumanReadableCopyright = "";
				IPHONEOS_DEPLOYMENT_TARGET = 16.2;
				LD_RUNPATH_SEARCH_PATHS = (
					"$(inherited)",
					"@executable_path/Frameworks",
					"@executable_path/../../Frameworks",
				);
				MARKETING_VERSION = 1.0;
				PRODUCT_BUNDLE_IDENTIFIER = jw.nam.voipSample.CallIntent;
				PRODUCT_NAME = "$(TARGET_NAME)";
				SKIP_INSTALL = YES;
				SWIFT_EMIT_LOC_STRINGS = YES;
				SWIFT_VERSION = 5.0;
				TARGETED_DEVICE_FAMILY = "1,2";
			};
			name = Release;
		};
/* End XCBuildConfiguration section */

/* Begin XCConfigurationList section */
		87AE2BE72988AC9600B6B3B2 /* Build configuration list for PBXProject "voipSample" */ = {
			isa = XCConfigurationList;
			buildConfigurations = (
				87AE2BFE2988AC9600B6B3B2 /* Debug */,
				87AE2BFF2988AC9600B6B3B2 /* Release */,
			);
			defaultConfigurationIsVisible = 0;
			defaultConfigurationName = Release;
		};
		87AE2C002988AC9600B6B3B2 /* Build configuration list for PBXNativeTarget "voipSample" */ = {
			isa = XCConfigurationList;
			buildConfigurations = (
				87AE2C012988AC9600B6B3B2 /* Debug */,
				87AE2C022988AC9600B6B3B2 /* Release */,
			);
			defaultConfigurationIsVisible = 0;
			defaultConfigurationName = Release;
		};
		87AE2C532988D43D00B6B3B2 /* Build configuration list for PBXNativeTarget "CallIntent" */ = {
			isa = XCConfigurationList;
			buildConfigurations = (
				87AE2C542988D43D00B6B3B2 /* Debug */,
				87AE2C552988D43D00B6B3B2 /* Release */,
			);
			defaultConfigurationIsVisible = 0;
			defaultConfigurationName = Release;
		};
/* End XCConfigurationList section */
	};
	rootObject = 87AE2BE42988AC9600B6B3B2 /* Project object */;
}
